
Microsoft Visual Studio Solution File, Format Version 12.00
# Visual Studio Version 17
VisualStudioVersion = 17.10.34916.146
MinimumVisualStudioVersion = 10.0.40219.1
Project("{FAE04EC0-301F-11D3-BF4B-00C04F79EFBC}") = "Escuela_privada.Android", "Escuela_privada\Escuela_privada.Android\Escuela_privada.Android.csproj", "{53758504-EB86-4440-A38E-1380057E1C74}"
EndProject
Project("{FAE04EC0-301F-11D3-BF4B-00C04F79EFBC}") = "Escuela_privada.iOS", "Escuela_privada\Escuela_privada.iOS\Escuela_privada.iOS.csproj", "{1CBD35AC-AA65-4748-9D9B-60444A18F803}"
EndProject
Project("{FAE04EC0-301F-11D3-BF4B-00C04F79EFBC}") = "Escuela_privada", "Escuela_privada\Escuela_privada\Escuela_privada.csproj", "{3D1DDF10-E59B-4793-811C-BAA3329EA133}"
EndProject
Global
	GlobalSection(SolutionConfigurationPlatforms) = preSolution
		Debug|Any CPU = Debug|Any CPU
		Debug|iPhone = Debug|iPhone
		Debug|iPhoneSimulator = Debug|iPhoneSimulator
		Release|Any CPU = Release|Any CPU
		Release|iPhone = Release|iPhone
		Release|iPhoneSimulator = Release|iPhoneSimulator
	EndGlobalSection
	GlobalSection(ProjectConfigurationPlatforms) = postSolution
		{53758504-EB86-4440-A38E-1380057E1C74}.Debug|Any CPU.ActiveCfg = Debug|Any CPU
		{53758504-EB86-4440-A38E-1380057E1C74}.Debug|Any CPU.Build.0 = Debug|Any CPU
		{53758504-EB86-4440-A38E-1380057E1C74}.Debug|Any CPU.Deploy.0 = Debug|Any CPU
		{53758504-EB86-4440-A38E-1380057E1C74}.Debug|iPhone.ActiveCfg = Debug|Any CPU
		{53758504-EB86-4440-A38E-1380057E1C74}.Debug|iPhone.Build.0 = Debug|Any CPU
		{53758504-EB86-4440-A38E-1380057E1C74}.Debug|iPhone.Deploy.0 = Debug|Any CPU
		{53758504-EB86-4440-A38E-1380057E1C74}.Debug|iPhoneSimulator.ActiveCfg = Debug|Any CPU
		{53758504-EB86-4440-A38E-1380057E1C74}.Debug|iPhoneSimulator.Build.0 = Debug|Any CPU
		{53758504-EB86-4440-A38E-1380057E1C74}.Debug|iPhoneSimulator.Deploy.0 = Debug|Any CPU
		{53758504-EB86-4440-A38E-1380057E1C74}.Release|Any CPU.ActiveCfg = Release|Any CPU
		{53758504-EB86-4440-A38E-1380057E1C74}.Release|Any CPU.Build.0 = Release|Any CPU
		{53758504-EB86-4440-A38E-1380057E1C74}.Release|Any CPU.Deploy.0 = Release|Any CPU
		{53758504-EB86-4440-A38E-1380057E1C74}.Release|iPhone.ActiveCfg = Release|Any CPU
		{53758504-EB86-4440-A38E-1380057E1C74}.Release|iPhone.Build.0 = Release|Any CPU
		{53758504-EB86-4440-A38E-1380057E1C74}.Release|iPhone.Deploy.0 = Release|Any CPU
		{53758504-EB86-4440-A38E-1380057E1C74}.Release|iPhoneSimulator.ActiveCfg = Release|Any CPU
		{53758504-EB86-4440-A38E-1380057E1C74}.Release|iPhoneSimulator.Build.0 = Release|Any CPU
		{53758504-EB86-4440-A38E-1380057E1C74}.Release|iPhoneSimulator.Deploy.0 = Release|Any CPU
		{1CBD35AC-AA65-4748-9D9B-60444A18F803}.Debug|Any CPU.ActiveCfg = Debug|iPhone
		{1CBD35AC-AA65-4748-9D9B-60444A18F803}.Debug|Any CPU.Build.0 = Debug|iPhone
		{1CBD35AC-AA65-4748-9D9B-60444A18F803}.Debug|Any CPU.Deploy.0 = Debug|iPhone
		{1CBD35AC-AA65-4748-9D9B-60444A18F803}.Debug|iPhone.ActiveCfg = Debug|iPhone
		{1CBD35AC-AA65-4748-9D9B-60444A18F803}.Debug|iPhone.Build.0 = Debug|iPhone
		{1CBD35AC-AA65-4748-9D9B-60444A18F803}.Debug|iPhone.Deploy.0 = Debug|iPhone
		{1CBD35AC-AA65-4748-9D9B-60444A18F803}.Debug|iPhoneSimulator.ActiveCfg = Debug|iPhoneSimulator
		{1CBD35AC-AA65-4748-9D9B-60444A18F803}.Debug|iPhoneSimulator.Build.0 = Debug|iPhoneSimulator
		{1CBD35AC-AA65-4748-9D9B-60444A18F803}.Debug|iPhoneSimulator.Deploy.0 = Debug|iPhoneSimulator
		{1CBD35AC-AA65-4748-9D9B-60444A18F803}.Release|Any CPU.ActiveCfg = Release|iPhoneSimulator
		{1CBD35AC-AA65-4748-9D9B-60444A18F803}.Release|Any CPU.Build.0 = Release|iPhoneSimulator
		{1CBD35AC-AA65-4748-9D9B-60444A18F803}.Release|Any CPU.Deploy.0 = Release|iPhoneSimulator
		{1CBD35AC-AA65-4748-9D9B-60444A18F803}.Release|iPhone.ActiveCfg = Release|iPhone
		{1CBD35AC-AA65-4748-9D9B-60444A18F803}.Release|iPhone.Build.0 = Release|iPhone
		{1CBD35AC-AA65-4748-9D9B-60444A18F803}.Release|iPhone.Deploy.0 = Release|iPhone
		{1CBD35AC-AA65-4748-9D9B-60444A18F803}.Release|iPhoneSimulator.ActiveCfg = Release|iPhoneSimulator
		{1CBD35AC-AA65-4748-9D9B-60444A18F803}.Release|iPhoneSimulator.Build.0 = Release|iPhoneSimulator
		{1CBD35AC-AA65-4748-9D9B-60444A18F803}.Release|iPhoneSimulator.Deploy.0 = Release|iPhoneSimulator
		{3D1DDF10-E59B-4793-811C-BAA3329EA133}.Debug|Any CPU.ActiveCfg = Debug|Any CPU
		{3D1DDF10-E59B-4793-811C-BAA3329EA133}.Debug|Any CPU.Build.0 = Debug|Any CPU
		{3D1DDF10-E59B-4793-811C-BAA3329EA133}.Debug|Any CPU.Deploy.0 = Debug|Any CPU
		{3D1DDF10-E59B-4793-811C-BAA3329EA133}.Debug|iPhone.ActiveCfg = Debug|Any CPU
		{3D1DDF10-E59B-4793-811C-BAA3329EA133}.Debug|iPhone.Build.0 = Debug|Any CPU
		{3D1DDF10-E59B-4793-811C-BAA3329EA133}.Debug|iPhone.Deploy.0 = Debug|Any CPU
		{3D1DDF10-E59B-4793-811C-BAA3329EA133}.Debug|iPhoneSimulator.ActiveCfg = Debug|Any CPU
		{3D1DDF10-E59B-4793-811C-BAA3329EA133}.Debug|iPhoneSimulator.Build.0 = Debug|Any CPU
		{3D1DDF10-E59B-4793-811C-BAA3329EA133}.Debug|iPhoneSimulator.Deploy.0 = Debug|Any CPU
		{3D1DDF10-E59B-4793-811C-BAA3329EA133}.Release|Any CPU.ActiveCfg = Release|Any CPU
		{3D1DDF10-E59B-4793-811C-BAA3329EA133}.Release|Any CPU.Build.0 = Release|Any CPU
		{3D1DDF10-E59B-4793-811C-BAA3329EA133}.Release|Any CPU.Deploy.0 = Release|Any CPU
		{3D1DDF10-E59B-4793-811C-BAA3329EA133}.Release|iPhone.ActiveCfg = Release|Any CPU
		{3D1DDF10-E59B-4793-811C-BAA3329EA133}.Release|iPhone.Build.0 = Release|Any CPU
		{3D1DDF10-E59B-4793-811C-BAA3329EA133}.Release|iPhone.Deploy.0 = Release|Any CPU
		{3D1DDF10-E59B-4793-811C-BAA3329EA133}.Release|iPhoneSimulator.ActiveCfg = Release|Any CPU
		{3D1DDF10-E59B-4793-811C-BAA3329EA133}.Release|iPhoneSimulator.Build.0 = Release|Any CPU
		{3D1DDF10-E59B-4793-811C-BAA3329EA133}.Release|iPhoneSimulator.Deploy.0 = Release|Any CPU
	EndGlobalSection
	GlobalSection(SolutionProperties) = preSolution
		HideSolutionNode = FALSE
	EndGlobalSection
	GlobalSection(ExtensibilityGlobals) = postSolution
		SolutionGuid = {36E94C35-F435-4455-B337-6D832205232E}
	EndGlobalSection
EndGlobal
